
Microsoft Visual Studio Solution File, Format Version 12.00
# Visual Studio Version 16
VisualStudioVersion = 16.0.29123.88
MinimumVisualStudioVersion = 10.0.40219.1
Project("{2150E333-8FDC-42A3-9474-1A3956D46DE8}") = "Libraries", "Libraries", "{806FB865-0D55-408C-B2ED-7CF6B0DFEC70}"
EndProject
Project("{2150E333-8FDC-42A3-9474-1A3956D46DE8}") = "Foundation", "Foundation", "{F21A7B9D-3185-4FD6-81E1-422CBB617871}"
EndProject
Project("{2150E333-8FDC-42A3-9474-1A3956D46DE8}") = "Foundation", "Foundation", "{D5F37030-74C0-47DD-BC27-5B59B78F5B69}"
EndProject
Project("{9A19103F-16F7-4668-BE54-9A1E7A4F7556}") = "Diten.Repository", "Libraries\Foundation\Diten.Repository\Diten.Repository.csproj", "{497BFA7B-B6E5-4961-B0A7-8A350E7B98CF}"
EndProject
Project("{FAE04EC0-301F-11D3-BF4B-00C04F79EFBC}") = "Diten.Framework", "Libraries\Foundation\Diten.Framework\Diten.Framework.csproj", "{129ACDDE-9D86-4596-BE50-3326E26B9DBE}"
EndProject
Project("{9A19103F-16F7-4668-BE54-9A1E7A4F7556}") = "Diten.Core", "Libraries\Foundation\Diten.Core\Diten.Core.csproj", "{73E073D3-C91C-4039-B316-317AD14C6535}"
EndProject
Project("{2150E333-8FDC-42A3-9474-1A3956D46DE8}") = "_Repository", "_Repository", "{37921E25-7DE2-40DE-A18D-975F0C673B48}"
EndProject
Project("{2150E333-8FDC-42A3-9474-1A3956D46DE8}") = "Tools", "Tools", "{6D49C909-22D5-4814-B798-842F04CC31FD}"
EndProject
Project("{2150E333-8FDC-42A3-9474-1A3956D46DE8}") = "Test Projects", "Test Projects", "{49D94029-B737-4BC1-927A-83E9AA75667D}"
EndProject
Project("{2150E333-8FDC-42A3-9474-1A3956D46DE8}") = "Documentation", "Documentation", "{70C34AC0-DC21-403A-82AB-A54F9A67F273}"
	ProjectSection(SolutionItems) = preProject
		_Repository\Documentation\Brain Storm.docx = _Repository\Documentation\Brain Storm.docx
		_Repository\Documentation\DITeN Framework.docx = _Repository\Documentation\DITeN Framework.docx
		_Repository\Documentation\Flow charts.vsdx = _Repository\Documentation\Flow charts.vsdx
	EndProjectSection
EndProject
Project("{2150E333-8FDC-42A3-9474-1A3956D46DE8}") = "Useful Codes", "Useful Codes", "{3ED5FE27-4F87-4A23-8340-44DA02E37A42}"
	ProjectSection(SolutionItems) = preProject
		_Repository\Documentation\Useful Codes\Facebook.txt = _Repository\Documentation\Useful Codes\Facebook.txt
	EndProjectSection
EndProject
Project("{FAE04EC0-301F-11D3-BF4B-00C04F79EFBC}") = "ConsoleApp", "_Repository\Test Projects\ConsoleApp\ConsoleApp.csproj", "{B9B5E8A0-C6DF-46FD-8710-78F0A66AEA40}"
EndProject
Project("{8BC9CEB8-8B4A-11D0-8D11-00A0C91BC942}") = "CPPConsoleApplication", "_Repository\Test Projects\CPPConsoleApplication\CPPConsoleApplication.vcxproj", "{C8F002A9-DEE4-45F7-9CF6-60BF393A2D67}"
EndProject
Project("{2150E333-8FDC-42A3-9474-1A3956D46DE8}") = "dotNet", "dotNet", "{398A617F-9B62-4B1D-9DD8-284CF4B42F8D}"
EndProject
Project("{9A19103F-16F7-4668-BE54-9A1E7A4F7556}") = "dotNetCoreClassLibrary", "_Repository\Test Projects\dotNet\dotNetCoreClassLibrary\dotNetCoreClassLibrary.csproj", "{930573C7-E955-476F-9A47-88FAC8EDA46B}"
EndProject
Project("{9A19103F-16F7-4668-BE54-9A1E7A4F7556}") = "dotNetCoreConsoleApp", "_Repository\Test Projects\dotNet\dotNetCoreConsoleApp\dotNetCoreConsoleApp.csproj", "{789DB2F8-77F8-4C55-9A34-2515D3F435B5}"
EndProject
Project("{9A19103F-16F7-4668-BE54-9A1E7A4F7556}") = "dotNetCoreWebApplication", "_Repository\Test Projects\dotNet\dotNetCoreWebApplication\dotNetCoreWebApplication.csproj", "{F14876C8-9EBB-449C-8CDE-00C3286A29AA}"
EndProject
Project("{9A19103F-16F7-4668-BE54-9A1E7A4F7556}") = "Diten.Standard", "Libraries\Foundation\Diten.Standard\Diten.Standard.csproj", "{DC9FCF0D-0A97-4420-973F-646EEF436F2A}"
EndProject
Global
	GlobalSection(SolutionConfigurationPlatforms) = preSolution
		Debug|Any CPU = Debug|Any CPU
		Debug|x64 = Debug|x64
		Debug|x86 = Debug|x86
		Release|Any CPU = Release|Any CPU
		Release|x64 = Release|x64
		Release|x86 = Release|x86
		UPS Demo|Any CPU = UPS Demo|Any CPU
		UPS Demo|x64 = UPS Demo|x64
		UPS Demo|x86 = UPS Demo|x86
	EndGlobalSection
	GlobalSection(ProjectConfigurationPlatforms) = postSolution
		{497BFA7B-B6E5-4961-B0A7-8A350E7B98CF}.Debug|Any CPU.ActiveCfg = Debug|Any CPU
		{497BFA7B-B6E5-4961-B0A7-8A350E7B98CF}.Debug|Any CPU.Build.0 = Debug|Any CPU
		{497BFA7B-B6E5-4961-B0A7-8A350E7B98CF}.Debug|x64.ActiveCfg = Debug|Any CPU
		{497BFA7B-B6E5-4961-B0A7-8A350E7B98CF}.Debug|x64.Build.0 = Debug|Any CPU
		{497BFA7B-B6E5-4961-B0A7-8A350E7B98CF}.Debug|x86.ActiveCfg = Debug|Any CPU
		{497BFA7B-B6E5-4961-B0A7-8A350E7B98CF}.Debug|x86.Build.0 = Debug|Any CPU
		{497BFA7B-B6E5-4961-B0A7-8A350E7B98CF}.Release|Any CPU.ActiveCfg = Release|Any CPU
		{497BFA7B-B6E5-4961-B0A7-8A350E7B98CF}.Release|Any CPU.Build.0 = Release|Any CPU
		{497BFA7B-B6E5-4961-B0A7-8A350E7B98CF}.Release|x64.ActiveCfg = Release|Any CPU
		{497BFA7B-B6E5-4961-B0A7-8A350E7B98CF}.Release|x64.Build.0 = Release|Any CPU
		{497BFA7B-B6E5-4961-B0A7-8A350E7B98CF}.Release|x86.ActiveCfg = Release|Any CPU
		{497BFA7B-B6E5-4961-B0A7-8A350E7B98CF}.Release|x86.Build.0 = Release|Any CPU
		{497BFA7B-B6E5-4961-B0A7-8A350E7B98CF}.UPS Demo|Any CPU.ActiveCfg = Debug|Any CPU
		{497BFA7B-B6E5-4961-B0A7-8A350E7B98CF}.UPS Demo|Any CPU.Build.0 = Debug|Any CPU
		{497BFA7B-B6E5-4961-B0A7-8A350E7B98CF}.UPS Demo|x64.ActiveCfg = Debug|Any CPU
		{497BFA7B-B6E5-4961-B0A7-8A350E7B98CF}.UPS Demo|x64.Build.0 = Debug|Any CPU
		{497BFA7B-B6E5-4961-B0A7-8A350E7B98CF}.UPS Demo|x86.ActiveCfg = Debug|Any CPU
		{497BFA7B-B6E5-4961-B0A7-8A350E7B98CF}.UPS Demo|x86.Build.0 = Debug|Any CPU
		{129ACDDE-9D86-4596-BE50-3326E26B9DBE}.Debug|Any CPU.ActiveCfg = Debug|Any CPU
		{129ACDDE-9D86-4596-BE50-3326E26B9DBE}.Debug|Any CPU.Build.0 = Debug|Any CPU
		{129ACDDE-9D86-4596-BE50-3326E26B9DBE}.Debug|x64.ActiveCfg = Debug|Any CPU
		{129ACDDE-9D86-4596-BE50-3326E26B9DBE}.Debug|x64.Build.0 = Debug|Any CPU
		{129ACDDE-9D86-4596-BE50-3326E26B9DBE}.Debug|x86.ActiveCfg = Debug|Any CPU
		{129ACDDE-9D86-4596-BE50-3326E26B9DBE}.Debug|x86.Build.0 = Debug|Any CPU
		{129ACDDE-9D86-4596-BE50-3326E26B9DBE}.Release|Any CPU.ActiveCfg = Release|Any CPU
		{129ACDDE-9D86-4596-BE50-3326E26B9DBE}.Release|Any CPU.Build.0 = Release|Any CPU
		{129ACDDE-9D86-4596-BE50-3326E26B9DBE}.Release|x64.ActiveCfg = Release|Any CPU
		{129ACDDE-9D86-4596-BE50-3326E26B9DBE}.Release|x64.Build.0 = Release|Any CPU
		{129ACDDE-9D86-4596-BE50-3326E26B9DBE}.Release|x86.ActiveCfg = Release|Any CPU
		{129ACDDE-9D86-4596-BE50-3326E26B9DBE}.Release|x86.Build.0 = Release|Any CPU
		{129ACDDE-9D86-4596-BE50-3326E26B9DBE}.UPS Demo|Any CPU.ActiveCfg = Release|Any CPU
		{129ACDDE-9D86-4596-BE50-3326E26B9DBE}.UPS Demo|Any CPU.Build.0 = Release|Any CPU
		{129ACDDE-9D86-4596-BE50-3326E26B9DBE}.UPS Demo|x64.ActiveCfg = Release|Any CPU
		{129ACDDE-9D86-4596-BE50-3326E26B9DBE}.UPS Demo|x64.Build.0 = Release|Any CPU
		{129ACDDE-9D86-4596-BE50-3326E26B9DBE}.UPS Demo|x86.ActiveCfg = Release|Any CPU
		{129ACDDE-9D86-4596-BE50-3326E26B9DBE}.UPS Demo|x86.Build.0 = Release|Any CPU
		{73E073D3-C91C-4039-B316-317AD14C6535}.Debug|Any CPU.ActiveCfg = Debug|Any CPU
		{73E073D3-C91C-4039-B316-317AD14C6535}.Debug|Any CPU.Build.0 = Debug|Any CPU
		{73E073D3-C91C-4039-B316-317AD14C6535}.Debug|x64.ActiveCfg = Debug|Any CPU
		{73E073D3-C91C-4039-B316-317AD14C6535}.Debug|x64.Build.0 = Debug|Any CPU
		{73E073D3-C91C-4039-B316-317AD14C6535}.Debug|x86.ActiveCfg = Debug|Any CPU
		{73E073D3-C91C-4039-B316-317AD14C6535}.Debug|x86.Build.0 = Debug|Any CPU
		{73E073D3-C91C-4039-B316-317AD14C6535}.Release|Any CPU.ActiveCfg = Release|Any CPU
		{73E073D3-C91C-4039-B316-317AD14C6535}.Release|Any CPU.Build.0 = Release|Any CPU
		{73E073D3-C91C-4039-B316-317AD14C6535}.Release|x64.ActiveCfg = Release|Any CPU
		{73E073D3-C91C-4039-B316-317AD14C6535}.Release|x64.Build.0 = Release|Any CPU
		{73E073D3-C91C-4039-B316-317AD14C6535}.Release|x86.ActiveCfg = Release|Any CPU
		{73E073D3-C91C-4039-B316-317AD14C6535}.Release|x86.Build.0 = Release|Any CPU
		{73E073D3-C91C-4039-B316-317AD14C6535}.UPS Demo|Any CPU.ActiveCfg = Debug|Any CPU
		{73E073D3-C91C-4039-B316-317AD14C6535}.UPS Demo|Any CPU.Build.0 = Debug|Any CPU
		{73E073D3-C91C-4039-B316-317AD14C6535}.UPS Demo|x64.ActiveCfg = Debug|Any CPU
		{73E073D3-C91C-4039-B316-317AD14C6535}.UPS Demo|x64.Build.0 = Debug|Any CPU
		{73E073D3-C91C-4039-B316-317AD14C6535}.UPS Demo|x86.ActiveCfg = Debug|Any CPU
		{73E073D3-C91C-4039-B316-317AD14C6535}.UPS Demo|x86.Build.0 = Debug|Any CPU
		{B9B5E8A0-C6DF-46FD-8710-78F0A66AEA40}.Debug|Any CPU.ActiveCfg = Debug|Any CPU
		{B9B5E8A0-C6DF-46FD-8710-78F0A66AEA40}.Debug|Any CPU.Build.0 = Debug|Any CPU
		{B9B5E8A0-C6DF-46FD-8710-78F0A66AEA40}.Debug|x64.ActiveCfg = Debug|Any CPU
		{B9B5E8A0-C6DF-46FD-8710-78F0A66AEA40}.Debug|x64.Build.0 = Debug|Any CPU
		{B9B5E8A0-C6DF-46FD-8710-78F0A66AEA40}.Debug|x86.ActiveCfg = Debug|Any CPU
		{B9B5E8A0-C6DF-46FD-8710-78F0A66AEA40}.Debug|x86.Build.0 = Debug|Any CPU
		{B9B5E8A0-C6DF-46FD-8710-78F0A66AEA40}.Release|Any CPU.ActiveCfg = Release|Any CPU
		{B9B5E8A0-C6DF-46FD-8710-78F0A66AEA40}.Release|Any CPU.Build.0 = Release|Any CPU
		{B9B5E8A0-C6DF-46FD-8710-78F0A66AEA40}.Release|x64.ActiveCfg = Release|Any CPU
		{B9B5E8A0-C6DF-46FD-8710-78F0A66AEA40}.Release|x64.Build.0 = Release|Any CPU
		{B9B5E8A0-C6DF-46FD-8710-78F0A66AEA40}.Release|x86.ActiveCfg = Release|Any CPU
		{B9B5E8A0-C6DF-46FD-8710-78F0A66AEA40}.Release|x86.Build.0 = Release|Any CPU
		{B9B5E8A0-C6DF-46FD-8710-78F0A66AEA40}.UPS Demo|Any CPU.ActiveCfg = UPS Demo|Any CPU
		{B9B5E8A0-C6DF-46FD-8710-78F0A66AEA40}.UPS Demo|Any CPU.Build.0 = UPS Demo|Any CPU
		{B9B5E8A0-C6DF-46FD-8710-78F0A66AEA40}.UPS Demo|x64.ActiveCfg = UPS Demo|Any CPU
		{B9B5E8A0-C6DF-46FD-8710-78F0A66AEA40}.UPS Demo|x64.Build.0 = UPS Demo|Any CPU
		{B9B5E8A0-C6DF-46FD-8710-78F0A66AEA40}.UPS Demo|x86.ActiveCfg = UPS Demo|Any CPU
		{B9B5E8A0-C6DF-46FD-8710-78F0A66AEA40}.UPS Demo|x86.Build.0 = UPS Demo|Any CPU
		{C8F002A9-DEE4-45F7-9CF6-60BF393A2D67}.Debug|Any CPU.ActiveCfg = Debug|Win32
		{C8F002A9-DEE4-45F7-9CF6-60BF393A2D67}.Debug|x64.ActiveCfg = Debug|x64
		{C8F002A9-DEE4-45F7-9CF6-60BF393A2D67}.Debug|x64.Build.0 = Debug|x64
		{C8F002A9-DEE4-45F7-9CF6-60BF393A2D67}.Debug|x86.ActiveCfg = Debug|Win32
		{C8F002A9-DEE4-45F7-9CF6-60BF393A2D67}.Debug|x86.Build.0 = Debug|Win32
		{C8F002A9-DEE4-45F7-9CF6-60BF393A2D67}.Release|Any CPU.ActiveCfg = Release|Win32
		{C8F002A9-DEE4-45F7-9CF6-60BF393A2D67}.Release|x64.ActiveCfg = Release|x64
		{C8F002A9-DEE4-45F7-9CF6-60BF393A2D67}.Release|x64.Build.0 = Release|x64
		{C8F002A9-DEE4-45F7-9CF6-60BF393A2D67}.Release|x86.ActiveCfg = Release|Win32
		{C8F002A9-DEE4-45F7-9CF6-60BF393A2D67}.Release|x86.Build.0 = Release|Win32
		{C8F002A9-DEE4-45F7-9CF6-60BF393A2D67}.UPS Demo|Any CPU.ActiveCfg = UPS Demo|Win32
		{C8F002A9-DEE4-45F7-9CF6-60BF393A2D67}.UPS Demo|x64.ActiveCfg = UPS Demo|x64
		{C8F002A9-DEE4-45F7-9CF6-60BF393A2D67}.UPS Demo|x64.Build.0 = UPS Demo|x64
		{C8F002A9-DEE4-45F7-9CF6-60BF393A2D67}.UPS Demo|x86.ActiveCfg = UPS Demo|Win32
		{C8F002A9-DEE4-45F7-9CF6-60BF393A2D67}.UPS Demo|x86.Build.0 = UPS Demo|Win32
		{930573C7-E955-476F-9A47-88FAC8EDA46B}.Debug|Any CPU.ActiveCfg = Debug|Any CPU
		{930573C7-E955-476F-9A47-88FAC8EDA46B}.Debug|Any CPU.Build.0 = Debug|Any CPU
		{930573C7-E955-476F-9A47-88FAC8EDA46B}.Debug|x64.ActiveCfg = Debug|Any CPU
		{930573C7-E955-476F-9A47-88FAC8EDA46B}.Debug|x64.Build.0 = Debug|Any CPU
		{930573C7-E955-476F-9A47-88FAC8EDA46B}.Debug|x86.ActiveCfg = Debug|Any CPU
		{930573C7-E955-476F-9A47-88FAC8EDA46B}.Debug|x86.Build.0 = Debug|Any CPU
		{930573C7-E955-476F-9A47-88FAC8EDA46B}.Release|Any CPU.ActiveCfg = Release|Any CPU
		{930573C7-E955-476F-9A47-88FAC8EDA46B}.Release|Any CPU.Build.0 = Release|Any CPU
		{930573C7-E955-476F-9A47-88FAC8EDA46B}.Release|x64.ActiveCfg = Release|Any CPU
		{930573C7-E955-476F-9A47-88FAC8EDA46B}.Release|x64.Build.0 = Release|Any CPU
		{930573C7-E955-476F-9A47-88FAC8EDA46B}.Release|x86.ActiveCfg = Release|Any CPU
		{930573C7-E955-476F-9A47-88FAC8EDA46B}.Release|x86.Build.0 = Release|Any CPU
		{930573C7-E955-476F-9A47-88FAC8EDA46B}.UPS Demo|Any CPU.ActiveCfg = Debug|Any CPU
		{930573C7-E955-476F-9A47-88FAC8EDA46B}.UPS Demo|Any CPU.Build.0 = Debug|Any CPU
		{930573C7-E955-476F-9A47-88FAC8EDA46B}.UPS Demo|x64.ActiveCfg = Debug|Any CPU
		{930573C7-E955-476F-9A47-88FAC8EDA46B}.UPS Demo|x64.Build.0 = Debug|Any CPU
		{930573C7-E955-476F-9A47-88FAC8EDA46B}.UPS Demo|x86.ActiveCfg = Debug|Any CPU
		{930573C7-E955-476F-9A47-88FAC8EDA46B}.UPS Demo|x86.Build.0 = Debug|Any CPU
		{789DB2F8-77F8-4C55-9A34-2515D3F435B5}.Debug|Any CPU.ActiveCfg = Debug|Any CPU
		{789DB2F8-77F8-4C55-9A34-2515D3F435B5}.Debug|Any CPU.Build.0 = Debug|Any CPU
		{789DB2F8-77F8-4C55-9A34-2515D3F435B5}.Debug|x64.ActiveCfg = Debug|Any CPU
		{789DB2F8-77F8-4C55-9A34-2515D3F435B5}.Debug|x64.Build.0 = Debug|Any CPU
		{789DB2F8-77F8-4C55-9A34-2515D3F435B5}.Debug|x86.ActiveCfg = Debug|Any CPU
		{789DB2F8-77F8-4C55-9A34-2515D3F435B5}.Debug|x86.Build.0 = Debug|Any CPU
		{789DB2F8-77F8-4C55-9A34-2515D3F435B5}.Release|Any CPU.ActiveCfg = Release|Any CPU
		{789DB2F8-77F8-4C55-9A34-2515D3F435B5}.Release|Any CPU.Build.0 = Release|Any CPU
		{789DB2F8-77F8-4C55-9A34-2515D3F435B5}.Release|x64.ActiveCfg = Release|Any CPU
		{789DB2F8-77F8-4C55-9A34-2515D3F435B5}.Release|x64.Build.0 = Release|Any CPU
		{789DB2F8-77F8-4C55-9A34-2515D3F435B5}.Release|x86.ActiveCfg = Release|Any CPU
		{789DB2F8-77F8-4C55-9A34-2515D3F435B5}.Release|x86.Build.0 = Release|Any CPU
		{789DB2F8-77F8-4C55-9A34-2515D3F435B5}.UPS Demo|Any CPU.ActiveCfg = Debug|Any CPU
		{789DB2F8-77F8-4C55-9A34-2515D3F435B5}.UPS Demo|Any CPU.Build.0 = Debug|Any CPU
		{789DB2F8-77F8-4C55-9A34-2515D3F435B5}.UPS Demo|x64.ActiveCfg = Debug|Any CPU
		{789DB2F8-77F8-4C55-9A34-2515D3F435B5}.UPS Demo|x64.Build.0 = Debug|Any CPU
		{789DB2F8-77F8-4C55-9A34-2515D3F435B5}.UPS Demo|x86.ActiveCfg = Debug|Any CPU
		{789DB2F8-77F8-4C55-9A34-2515D3F435B5}.UPS Demo|x86.Build.0 = Debug|Any CPU
		{F14876C8-9EBB-449C-8CDE-00C3286A29AA}.Debug|Any CPU.ActiveCfg = Debug|Any CPU
		{F14876C8-9EBB-449C-8CDE-00C3286A29AA}.Debug|Any CPU.Build.0 = Debug|Any CPU
		{F14876C8-9EBB-449C-8CDE-00C3286A29AA}.Debug|x64.ActiveCfg = Debug|Any CPU
		{F14876C8-9EBB-449C-8CDE-00C3286A29AA}.Debug|x64.Build.0 = Debug|Any CPU
		{F14876C8-9EBB-449C-8CDE-00C3286A29AA}.Debug|x86.ActiveCfg = Debug|Any CPU
		{F14876C8-9EBB-449C-8CDE-00C3286A29AA}.Debug|x86.Build.0 = Debug|Any CPU
		{F14876C8-9EBB-449C-8CDE-00C3286A29AA}.Release|Any CPU.ActiveCfg = Release|Any CPU
		{F14876C8-9EBB-449C-8CDE-00C3286A29AA}.Release|Any CPU.Build.0 = Release|Any CPU
		{F14876C8-9EBB-449C-8CDE-00C3286A29AA}.Release|x64.ActiveCfg = Release|Any CPU
		{F14876C8-9EBB-449C-8CDE-00C3286A29AA}.Release|x64.Build.0 = Release|Any CPU
		{F14876C8-9EBB-449C-8CDE-00C3286A29AA}.Release|x86.ActiveCfg = Release|Any CPU
		{F14876C8-9EBB-449C-8CDE-00C3286A29AA}.Release|x86.Build.0 = Release|Any CPU
		{F14876C8-9EBB-449C-8CDE-00C3286A29AA}.UPS Demo|Any CPU.ActiveCfg = Debug|Any CPU
		{F14876C8-9EBB-449C-8CDE-00C3286A29AA}.UPS Demo|Any CPU.Build.0 = Debug|Any CPU
		{F14876C8-9EBB-449C-8CDE-00C3286A29AA}.UPS Demo|x64.ActiveCfg = Debug|Any CPU
		{F14876C8-9EBB-449C-8CDE-00C3286A29AA}.UPS Demo|x64.Build.0 = Debug|Any CPU
		{F14876C8-9EBB-449C-8CDE-00C3286A29AA}.UPS Demo|x86.ActiveCfg = Debug|Any CPU
		{F14876C8-9EBB-449C-8CDE-00C3286A29AA}.UPS Demo|x86.Build.0 = Debug|Any CPU
		{DC9FCF0D-0A97-4420-973F-646EEF436F2A}.Debug|Any CPU.ActiveCfg = Debug|Any CPU
		{DC9FCF0D-0A97-4420-973F-646EEF436F2A}.Debug|Any CPU.Build.0 = Debug|Any CPU
		{DC9FCF0D-0A97-4420-973F-646EEF436F2A}.Debug|x64.ActiveCfg = Debug|Any CPU
		{DC9FCF0D-0A97-4420-973F-646EEF436F2A}.Debug|x64.Build.0 = Debug|Any CPU
		{DC9FCF0D-0A97-4420-973F-646EEF436F2A}.Debug|x86.ActiveCfg = Debug|Any CPU
		{DC9FCF0D-0A97-4420-973F-646EEF436F2A}.Debug|x86.Build.0 = Debug|Any CPU
		{DC9FCF0D-0A97-4420-973F-646EEF436F2A}.Release|Any CPU.ActiveCfg = Release|Any CPU
		{DC9FCF0D-0A97-4420-973F-646EEF436F2A}.Release|Any CPU.Build.0 = Release|Any CPU
		{DC9FCF0D-0A97-4420-973F-646EEF436F2A}.Release|x64.ActiveCfg = Release|Any CPU
		{DC9FCF0D-0A97-4420-973F-646EEF436F2A}.Release|x64.Build.0 = Release|Any CPU
		{DC9FCF0D-0A97-4420-973F-646EEF436F2A}.Release|x86.ActiveCfg = Release|Any CPU
		{DC9FCF0D-0A97-4420-973F-646EEF436F2A}.Release|x86.Build.0 = Release|Any CPU
		{DC9FCF0D-0A97-4420-973F-646EEF436F2A}.UPS Demo|Any CPU.ActiveCfg = Debug|Any CPU
		{DC9FCF0D-0A97-4420-973F-646EEF436F2A}.UPS Demo|Any CPU.Build.0 = Debug|Any CPU
		{DC9FCF0D-0A97-4420-973F-646EEF436F2A}.UPS Demo|x64.ActiveCfg = Debug|Any CPU
		{DC9FCF0D-0A97-4420-973F-646EEF436F2A}.UPS Demo|x64.Build.0 = Debug|Any CPU
		{DC9FCF0D-0A97-4420-973F-646EEF436F2A}.UPS Demo|x86.ActiveCfg = Debug|Any CPU
		{DC9FCF0D-0A97-4420-973F-646EEF436F2A}.UPS Demo|x86.Build.0 = Debug|Any CPU
	EndGlobalSection
	GlobalSection(SolutionProperties) = preSolution
		HideSolutionNode = FALSE
	EndGlobalSection
	GlobalSection(NestedProjects) = preSolution
		{F21A7B9D-3185-4FD6-81E1-422CBB617871} = {806FB865-0D55-408C-B2ED-7CF6B0DFEC70}
		{D5F37030-74C0-47DD-BC27-5B59B78F5B69} = {F21A7B9D-3185-4FD6-81E1-422CBB617871}
		{497BFA7B-B6E5-4961-B0A7-8A350E7B98CF} = {D5F37030-74C0-47DD-BC27-5B59B78F5B69}
		{129ACDDE-9D86-4596-BE50-3326E26B9DBE} = {D5F37030-74C0-47DD-BC27-5B59B78F5B69}
		{73E073D3-C91C-4039-B316-317AD14C6535} = {D5F37030-74C0-47DD-BC27-5B59B78F5B69}
		{6D49C909-22D5-4814-B798-842F04CC31FD} = {37921E25-7DE2-40DE-A18D-975F0C673B48}
		{49D94029-B737-4BC1-927A-83E9AA75667D} = {37921E25-7DE2-40DE-A18D-975F0C673B48}
		{70C34AC0-DC21-403A-82AB-A54F9A67F273} = {37921E25-7DE2-40DE-A18D-975F0C673B48}
		{3ED5FE27-4F87-4A23-8340-44DA02E37A42} = {70C34AC0-DC21-403A-82AB-A54F9A67F273}
		{B9B5E8A0-C6DF-46FD-8710-78F0A66AEA40} = {49D94029-B737-4BC1-927A-83E9AA75667D}
		{C8F002A9-DEE4-45F7-9CF6-60BF393A2D67} = {49D94029-B737-4BC1-927A-83E9AA75667D}
		{398A617F-9B62-4B1D-9DD8-284CF4B42F8D} = {49D94029-B737-4BC1-927A-83E9AA75667D}
		{930573C7-E955-476F-9A47-88FAC8EDA46B} = {398A617F-9B62-4B1D-9DD8-284CF4B42F8D}
		{789DB2F8-77F8-4C55-9A34-2515D3F435B5} = {398A617F-9B62-4B1D-9DD8-284CF4B42F8D}
		{F14876C8-9EBB-449C-8CDE-00C3286A29AA} = {398A617F-9B62-4B1D-9DD8-284CF4B42F8D}
		{DC9FCF0D-0A97-4420-973F-646EEF436F2A} = {D5F37030-74C0-47DD-BC27-5B59B78F5B69}
	EndGlobalSection
	GlobalSection(ExtensibilityGlobals) = postSolution
		SolutionGuid = {44F1B30F-6D60-4561-B15E-3605E286AAAA}
	EndGlobalSection
EndGlobal
